// !$*UTF8*$!
{
	archiveVersion = 1;
	classes = {
	};
	objectVersion = 46;
	objects = {

/* Begin PBXBuildFile section */
		40021ADD1CD02EB400E4BCE7 /* rippled.png in Resources */ = {isa = PBXBuildFile; fileRef = 40021ADB1CD02EB400E4BCE7 /* rippled.png */; };
		40021AE41CD02FFF00E4BCE7 /* cloudtop_bk.png in Resources */ = {isa = PBXBuildFile; fileRef = 40021ADE1CD02FFF00E4BCE7 /* cloudtop_bk.png */; };
		40021AE51CD02FFF00E4BCE7 /* cloudtop_dn.png in Resources */ = {isa = PBXBuildFile; fileRef = 40021ADF1CD02FFF00E4BCE7 /* cloudtop_dn.png */; };
		40021AE61CD02FFF00E4BCE7 /* cloudtop_ft.png in Resources */ = {isa = PBXBuildFile; fileRef = 40021AE01CD02FFF00E4BCE7 /* cloudtop_ft.png */; };
		40021AE71CD02FFF00E4BCE7 /* cloudtop_lf.png in Resources */ = {isa = PBXBuildFile; fileRef = 40021AE11CD02FFF00E4BCE7 /* cloudtop_lf.png */; };
		40021AE81CD02FFF00E4BCE7 /* cloudtop_rt.png in Resources */ = {isa = PBXBuildFile; fileRef = 40021AE21CD02FFF00E4BCE7 /* cloudtop_rt.png */; };
		40021AE91CD02FFF00E4BCE7 /* cloudtop_up.png in Resources */ = {isa = PBXBuildFile; fileRef = 40021AE31CD02FFF00E4BCE7 /* cloudtop_up.png */; };
		40437D7F1CC8743F00B8685F /* water.png in Resources */ = {isa = PBXBuildFile; fileRef = 40437D7D1CC8743F00B8685F /* water.png */; };
		40437D851CC8759500B8685F /* Renderer.swift in Sources */ = {isa = PBXBuildFile; fileRef = 40437D841CC8759500B8685F /* Renderer.swift */; };
		40437D871CC8763500B8685F /* ShaderTypes.swift in Sources */ = {isa = PBXBuildFile; fileRef = 40437D861CC8763500B8685F /* ShaderTypes.swift */; };
		40437D891CC882CD00B8685F /* MetalView.swift in Sources */ = {isa = PBXBuildFile; fileRef = 40437D881CC882CD00B8685F /* MetalView.swift */; };
		40437D8B1CC8947700B8685F /* MetalViewController.swift in Sources */ = {isa = PBXBuildFile; fileRef = 40437D8A1CC8947700B8685F /* MetalViewController.swift */; };
		40437D8D1CC897DE00B8685F /* Mesh.swift in Sources */ = {isa = PBXBuildFile; fileRef = 40437D8C1CC897DE00B8685F /* Mesh.swift */; };
		40437D8F1CC8987A00B8685F /* TerrainMesh.swift in Sources */ = {isa = PBXBuildFile; fileRef = 40437D8E1CC8987A00B8685F /* TerrainMesh.swift */; };
		40437D911CC8988900B8685F /* WaterMesh.swift in Sources */ = {isa = PBXBuildFile; fileRef = 40437D901CC8988900B8685F /* WaterMesh.swift */; };
		40437D931CC8AB1900B8685F /* TextureLoader.swift in Sources */ = {isa = PBXBuildFile; fileRef = 40437D921CC8AB1900B8685F /* TextureLoader.swift */; };
		40437D951CC8B76400B8685F /* Material.swift in Sources */ = {isa = PBXBuildFile; fileRef = 40437D941CC8B76400B8685F /* Material.swift */; };
		40437D971CC8BDBE00B8685F /* Math.swift in Sources */ = {isa = PBXBuildFile; fileRef = 40437D961CC8BDBE00B8685F /* Math.swift */; };
		40437D991CC8D1E900B8685F /* Shaders.metal in Sources */ = {isa = PBXBuildFile; fileRef = 40437D981CC8D1E900B8685F /* Shaders.metal */; };
		A20AB2CB1CBEDB24008DBB60 /* AppDelegate.swift in Sources */ = {isa = PBXBuildFile; fileRef = A20AB2CA1CBEDB24008DBB60 /* AppDelegate.swift */; };
		A20AB2D21CBEDB24008DBB60 /* Main.storyboard in Resources */ = {isa = PBXBuildFile; fileRef = A20AB2D01CBEDB24008DBB60 /* Main.storyboard */; };
		A20AB2D41CBEDB24008DBB60 /* Assets.xcassets in Resources */ = {isa = PBXBuildFile; fileRef = A20AB2D31CBEDB24008DBB60 /* Assets.xcassets */; };
		A20AB2D71CBEDB24008DBB60 /* LaunchScreen.storyboard in Resources */ = {isa = PBXBuildFile; fileRef = A20AB2D51CBEDB24008DBB60 /* LaunchScreen.storyboard */; };
		A20AB2E21CBEDB25008DBB60 /* AdvancedGraphicsProjectTests.swift in Sources */ = {isa = PBXBuildFile; fileRef = A20AB2E11CBEDB25008DBB60 /* AdvancedGraphicsProjectTests.swift */; };
		A20AB2ED1CBEDB25008DBB60 /* AdvancedGraphicsProjectUITests.swift in Sources */ = {isa = PBXBuildFile; fileRef = A20AB2EC1CBEDB25008DBB60 /* AdvancedGraphicsProjectUITests.swift */; };
		A2C5505B1CCFE3DB004ED624 /* SkyboxMesh.swift in Sources */ = {isa = PBXBuildFile; fileRef = A2C5505A1CCFE3DB004ED624 /* SkyboxMesh.swift */; };
/* End PBXBuildFile section */

/* Begin PBXContainerItemProxy section */
		A20AB2DE1CBEDB24008DBB60 /* PBXContainerItemProxy */ = {
			isa = PBXContainerItemProxy;
			containerPortal = A20AB2BF1CBEDB24008DBB60 /* Project object */;
			proxyType = 1;
			remoteGlobalIDString = A20AB2C61CBEDB24008DBB60;
			remoteInfo = AdvancedGraphicsProject;
		};
		A20AB2E91CBEDB25008DBB60 /* PBXContainerItemProxy */ = {
			isa = PBXContainerItemProxy;
			containerPortal = A20AB2BF1CBEDB24008DBB60 /* Project object */;
			proxyType = 1;
			remoteGlobalIDString = A20AB2C61CBEDB24008DBB60;
			remoteInfo = AdvancedGraphicsProject;
		};
/* End PBXContainerItemProxy section */

/* Begin PBXFileReference section */
		40021ADB1CD02EB400E4BCE7 /* rippled.png */ = {isa = PBXFileReference; lastKnownFileType = image.png; path = rippled.png; sourceTree = "<group>"; };
		40021ADE1CD02FFF00E4BCE7 /* cloudtop_bk.png */ = {isa = PBXFileReference; lastKnownFileType = image.png; path = cloudtop_bk.png; sourceTree = "<group>"; };
		40021ADF1CD02FFF00E4BCE7 /* cloudtop_dn.png */ = {isa = PBXFileReference; lastKnownFileType = image.png; path = cloudtop_dn.png; sourceTree = "<group>"; };
		40021AE01CD02FFF00E4BCE7 /* cloudtop_ft.png */ = {isa = PBXFileReference; lastKnownFileType = image.png; path = cloudtop_ft.png; sourceTree = "<group>"; };
		40021AE11CD02FFF00E4BCE7 /* cloudtop_lf.png */ = {isa = PBXFileReference; lastKnownFileType = image.png; path = cloudtop_lf.png; sourceTree = "<group>"; };
		40021AE21CD02FFF00E4BCE7 /* cloudtop_rt.png */ = {isa = PBXFileReference; lastKnownFileType = image.png; path = cloudtop_rt.png; sourceTree = "<group>"; };
		40021AE31CD02FFF00E4BCE7 /* cloudtop_up.png */ = {isa = PBXFileReference; lastKnownFileType = image.png; path = cloudtop_up.png; sourceTree = "<group>"; };
		40437D7D1CC8743F00B8685F /* water.png */ = {isa = PBXFileReference; lastKnownFileType = image.png; path = water.png; sourceTree = "<group>"; };
		40437D841CC8759500B8685F /* Renderer.swift */ = {isa = PBXFileReference; fileEncoding = 4; lastKnownFileType = sourcecode.swift; path = Renderer.swift; sourceTree = "<group>"; };
		40437D861CC8763500B8685F /* ShaderTypes.swift */ = {isa = PBXFileReference; fileEncoding = 4; lastKnownFileType = sourcecode.swift; path = ShaderTypes.swift; sourceTree = "<group>"; };
		40437D881CC882CD00B8685F /* MetalView.swift */ = {isa = PBXFileReference; fileEncoding = 4; lastKnownFileType = sourcecode.swift; path = MetalView.swift; sourceTree = "<group>"; };
		40437D8A1CC8947700B8685F /* MetalViewController.swift */ = {isa = PBXFileReference; fileEncoding = 4; lastKnownFileType = sourcecode.swift; path = MetalViewController.swift; sourceTree = "<group>"; };
		40437D8C1CC897DE00B8685F /* Mesh.swift */ = {isa = PBXFileReference; fileEncoding = 4; lastKnownFileType = sourcecode.swift; path = Mesh.swift; sourceTree = "<group>"; };
		40437D8E1CC8987A00B8685F /* TerrainMesh.swift */ = {isa = PBXFileReference; fileEncoding = 4; lastKnownFileType = sourcecode.swift; path = TerrainMesh.swift; sourceTree = "<group>"; };
		40437D901CC8988900B8685F /* WaterMesh.swift */ = {isa = PBXFileReference; fileEncoding = 4; lastKnownFileType = sourcecode.swift; path = WaterMesh.swift; sourceTree = "<group>"; };
		40437D921CC8AB1900B8685F /* TextureLoader.swift */ = {isa = PBXFileReference; fileEncoding = 4; lastKnownFileType = sourcecode.swift; path = TextureLoader.swift; sourceTree = "<group>"; };
		40437D941CC8B76400B8685F /* Material.swift */ = {isa = PBXFileReference; fileEncoding = 4; lastKnownFileType = sourcecode.swift; path = Material.swift; sourceTree = "<group>"; };
		40437D961CC8BDBE00B8685F /* Math.swift */ = {isa = PBXFileReference; fileEncoding = 4; lastKnownFileType = sourcecode.swift; path = Math.swift; sourceTree = "<group>"; };
		40437D981CC8D1E900B8685F /* Shaders.metal */ = {isa = PBXFileReference; fileEncoding = 4; lastKnownFileType = sourcecode.metal; path = Shaders.metal; sourceTree = "<group>"; };
		A20AB2C71CBEDB24008DBB60 /* AdvancedGraphicsProject.app */ = {isa = PBXFileReference; explicitFileType = wrapper.application; includeInIndex = 0; path = AdvancedGraphicsProject.app; sourceTree = BUILT_PRODUCTS_DIR; };
		A20AB2CA1CBEDB24008DBB60 /* AppDelegate.swift */ = {isa = PBXFileReference; lastKnownFileType = sourcecode.swift; path = AppDelegate.swift; sourceTree = "<group>"; };
		A20AB2D11CBEDB24008DBB60 /* Base */ = {isa = PBXFileReference; lastKnownFileType = file.storyboard; name = Base; path = Base.lproj/Main.storyboard; sourceTree = "<group>"; };
		A20AB2D31CBEDB24008DBB60 /* Assets.xcassets */ = {isa = PBXFileReference; lastKnownFileType = folder.assetcatalog; path = Assets.xcassets; sourceTree = "<group>"; };
		A20AB2D61CBEDB24008DBB60 /* Base */ = {isa = PBXFileReference; lastKnownFileType = file.storyboard; name = Base; path = Base.lproj/LaunchScreen.storyboard; sourceTree = "<group>"; };
		A20AB2D81CBEDB24008DBB60 /* Info.plist */ = {isa = PBXFileReference; lastKnownFileType = text.plist.xml; path = Info.plist; sourceTree = "<group>"; };
		A20AB2DD1CBEDB24008DBB60 /* AdvancedGraphicsProjectTests.xctest */ = {isa = PBXFileReference; explicitFileType = wrapper.cfbundle; includeInIndex = 0; path = AdvancedGraphicsProjectTests.xctest; sourceTree = BUILT_PRODUCTS_DIR; };
		A20AB2E11CBEDB25008DBB60 /* AdvancedGraphicsProjectTests.swift */ = {isa = PBXFileReference; lastKnownFileType = sourcecode.swift; path = AdvancedGraphicsProjectTests.swift; sourceTree = "<group>"; };
		A20AB2E31CBEDB25008DBB60 /* Info.plist */ = {isa = PBXFileReference; lastKnownFileType = text.plist.xml; path = Info.plist; sourceTree = "<group>"; };
		A20AB2E81CBEDB25008DBB60 /* AdvancedGraphicsProjectUITests.xctest */ = {isa = PBXFileReference; explicitFileType = wrapper.cfbundle; includeInIndex = 0; path = AdvancedGraphicsProjectUITests.xctest; sourceTree = BUILT_PRODUCTS_DIR; };
		A20AB2EC1CBEDB25008DBB60 /* AdvancedGraphicsProjectUITests.swift */ = {isa = PBXFileReference; lastKnownFileType = sourcecode.swift; path = AdvancedGraphicsProjectUITests.swift; sourceTree = "<group>"; };
		A20AB2EE1CBEDB25008DBB60 /* Info.plist */ = {isa = PBXFileReference; lastKnownFileType = text.plist.xml; path = Info.plist; sourceTree = "<group>"; };
		A2C5505A1CCFE3DB004ED624 /* SkyboxMesh.swift */ = {isa = PBXFileReference; fileEncoding = 4; lastKnownFileType = sourcecode.swift; path = SkyboxMesh.swift; sourceTree = "<group>"; };
/* End PBXFileReference section */

/* Begin PBXFrameworksBuildPhase section */
		A20AB2C41CBEDB24008DBB60 /* Frameworks */ = {
			isa = PBXFrameworksBuildPhase;
			buildActionMask = 2147483647;
			files = (
			);
			runOnlyForDeploymentPostprocessing = 0;
		};
		A20AB2DA1CBEDB24008DBB60 /* Frameworks */ = {
			isa = PBXFrameworksBuildPhase;
			buildActionMask = 2147483647;
			files = (
			);
			runOnlyForDeploymentPostprocessing = 0;
		};
		A20AB2E51CBEDB25008DBB60 /* Frameworks */ = {
			isa = PBXFrameworksBuildPhase;
			buildActionMask = 2147483647;
			files = (
			);
			runOnlyForDeploymentPostprocessing = 0;
		};
/* End PBXFrameworksBuildPhase section */

/* Begin PBXGroup section */
		40437D7B1CC873F300B8685F /* Resources */ = {
			isa = PBXGroup;
			children = (
				40021ADE1CD02FFF00E4BCE7 /* cloudtop_bk.png */,
				40021ADF1CD02FFF00E4BCE7 /* cloudtop_dn.png */,
				40021AE01CD02FFF00E4BCE7 /* cloudtop_ft.png */,
				40021AE11CD02FFF00E4BCE7 /* cloudtop_lf.png */,
				40021AE21CD02FFF00E4BCE7 /* cloudtop_rt.png */,
				40021AE31CD02FFF00E4BCE7 /* cloudtop_up.png */,
				40021ADB1CD02EB400E4BCE7 /* rippled.png */,
				40437D7D1CC8743F00B8685F /* water.png */,
			);
			name = Resources;
			sourceTree = "<group>";
		};
		40437D9A1CC8DAA600B8685F /* UI */ = {
			isa = PBXGroup;
			children = (
				A20AB2CA1CBEDB24008DBB60 /* AppDelegate.swift */,
				40437D881CC882CD00B8685F /* MetalView.swift */,
				40437D8A1CC8947700B8685F /* MetalViewController.swift */,
			);
			name = UI;
			sourceTree = "<group>";
		};
		40437D9B1CC8DAC200B8685F /* Utilities */ = {
			isa = PBXGroup;
			children = (
				40437D921CC8AB1900B8685F /* TextureLoader.swift */,
				40437D961CC8BDBE00B8685F /* Math.swift */,
			);
			name = Utilities;
			sourceTree = "<group>";
		};
		A20AB2BE1CBEDB24008DBB60 = {
			isa = PBXGroup;
			children = (
				A20AB2C91CBEDB24008DBB60 /* AdvancedGraphicsProject */,
				A20AB2E01CBEDB25008DBB60 /* AdvancedGraphicsProjectTests */,
				A20AB2EB1CBEDB25008DBB60 /* AdvancedGraphicsProjectUITests */,
				A20AB2C81CBEDB24008DBB60 /* Products */,
			);
			sourceTree = "<group>";
		};
		A20AB2C81CBEDB24008DBB60 /* Products */ = {
			isa = PBXGroup;
			children = (
				A20AB2C71CBEDB24008DBB60 /* AdvancedGraphicsProject.app */,
				A20AB2DD1CBEDB24008DBB60 /* AdvancedGraphicsProjectTests.xctest */,
				A20AB2E81CBEDB25008DBB60 /* AdvancedGraphicsProjectUITests.xctest */,
			);
			name = Products;
			sourceTree = "<group>";
		};
		A20AB2C91CBEDB24008DBB60 /* AdvancedGraphicsProject */ = {
			isa = PBXGroup;
			children = (
				40437D8C1CC897DE00B8685F /* Mesh.swift */,
				40437D8E1CC8987A00B8685F /* TerrainMesh.swift */,
				40437D901CC8988900B8685F /* WaterMesh.swift */,
				40437D841CC8759500B8685F /* Renderer.swift */,
				A2C5505A1CCFE3DB004ED624 /* SkyboxMesh.swift */,
				40437D9B1CC8DAC200B8685F /* Utilities */,
				40437D941CC8B76400B8685F /* Material.swift */,
				40437D861CC8763500B8685F /* ShaderTypes.swift */,
				40437D7B1CC873F300B8685F /* Resources */,
				40437D9A1CC8DAA600B8685F /* UI */,
				40437D981CC8D1E900B8685F /* Shaders.metal */,
				A20AB2D01CBEDB24008DBB60 /* Main.storyboard */,
				A20AB2D31CBEDB24008DBB60 /* Assets.xcassets */,
				A20AB2D51CBEDB24008DBB60 /* LaunchScreen.storyboard */,
				A20AB2D81CBEDB24008DBB60 /* Info.plist */,
			);
			path = AdvancedGraphicsProject;
			sourceTree = "<group>";
		};
		A20AB2E01CBEDB25008DBB60 /* AdvancedGraphicsProjectTests */ = {
			isa = PBXGroup;
			children = (
				A20AB2E11CBEDB25008DBB60 /* AdvancedGraphicsProjectTests.swift */,
				A20AB2E31CBEDB25008DBB60 /* Info.plist */,
			);
			path = AdvancedGraphicsProjectTests;
			sourceTree = "<group>";
		};
		A20AB2EB1CBEDB25008DBB60 /* AdvancedGraphicsProjectUITests */ = {
			isa = PBXGroup;
			children = (
				A20AB2EC1CBEDB25008DBB60 /* AdvancedGraphicsProjectUITests.swift */,
				A20AB2EE1CBEDB25008DBB60 /* Info.plist */,
			);
			path = AdvancedGraphicsProjectUITests;
			sourceTree = "<group>";
		};
/* End PBXGroup section */

/* Begin PBXNativeTarget section */
		A20AB2C61CBEDB24008DBB60 /* AdvancedGraphicsProject */ = {
			isa = PBXNativeTarget;
			buildConfigurationList = A20AB2F11CBEDB25008DBB60 /* Build configuration list for PBXNativeTarget "AdvancedGraphicsProject" */;
			buildPhases = (
				A20AB2C31CBEDB24008DBB60 /* Sources */,
				A20AB2C41CBEDB24008DBB60 /* Frameworks */,
				A20AB2C51CBEDB24008DBB60 /* Resources */,
			);
			buildRules = (
			);
			dependencies = (
			);
			name = AdvancedGraphicsProject;
			productName = AdvancedGraphicsProject;
			productReference = A20AB2C71CBEDB24008DBB60 /* AdvancedGraphicsProject.app */;
			productType = "com.apple.product-type.application";
		};
		A20AB2DC1CBEDB24008DBB60 /* AdvancedGraphicsProjectTests */ = {
			isa = PBXNativeTarget;
			buildConfigurationList = A20AB2F41CBEDB25008DBB60 /* Build configuration list for PBXNativeTarget "AdvancedGraphicsProjectTests" */;
			buildPhases = (
				A20AB2D91CBEDB24008DBB60 /* Sources */,
				A20AB2DA1CBEDB24008DBB60 /* Frameworks */,
				A20AB2DB1CBEDB24008DBB60 /* Resources */,
			);
			buildRules = (
			);
			dependencies = (
				A20AB2DF1CBEDB24008DBB60 /* PBXTargetDependency */,
			);
			name = AdvancedGraphicsProjectTests;
			productName = AdvancedGraphicsProjectTests;
			productReference = A20AB2DD1CBEDB24008DBB60 /* AdvancedGraphicsProjectTests.xctest */;
			productType = "com.apple.product-type.bundle.unit-test";
		};
		A20AB2E71CBEDB25008DBB60 /* AdvancedGraphicsProjectUITests */ = {
			isa = PBXNativeTarget;
			buildConfigurationList = A20AB2F71CBEDB25008DBB60 /* Build configuration list for PBXNativeTarget "AdvancedGraphicsProjectUITests" */;
			buildPhases = (
				A20AB2E41CBEDB25008DBB60 /* Sources */,
				A20AB2E51CBEDB25008DBB60 /* Frameworks */,
				A20AB2E61CBEDB25008DBB60 /* Resources */,
			);
			buildRules = (
			);
			dependencies = (
				A20AB2EA1CBEDB25008DBB60 /* PBXTargetDependency */,
			);
			name = AdvancedGraphicsProjectUITests;
			productName = AdvancedGraphicsProjectUITests;
			productReference = A20AB2E81CBEDB25008DBB60 /* AdvancedGraphicsProjectUITests.xctest */;
			productType = "com.apple.product-type.bundle.ui-testing";
		};
/* End PBXNativeTarget section */

/* Begin PBXProject section */
		A20AB2BF1CBEDB24008DBB60 /* Project object */ = {
			isa = PBXProject;
			attributes = {
				LastSwiftUpdateCheck = 0730;
				LastUpgradeCheck = 0730;
				ORGANIZATIONNAME = "Ryan Milvenan";
				TargetAttributes = {
					A20AB2C61CBEDB24008DBB60 = {
						CreatedOnToolsVersion = 7.3;
						DevelopmentTeam = XJ2GLJ9ST2;
					};
					A20AB2DC1CBEDB24008DBB60 = {
						CreatedOnToolsVersion = 7.3;
						DevelopmentTeam = XJ2GLJ9ST2;
						TestTargetID = A20AB2C61CBEDB24008DBB60;
					};
					A20AB2E71CBEDB25008DBB60 = {
						CreatedOnToolsVersion = 7.3;
						DevelopmentTeam = XJ2GLJ9ST2;
						TestTargetID = A20AB2C61CBEDB24008DBB60;
					};
				};
			};
			buildConfigurationList = A20AB2C21CBEDB24008DBB60 /* Build configuration list for PBXProject "AdvancedGraphicsProject" */;
			compatibilityVersion = "Xcode 3.2";
			developmentRegion = English;
			hasScannedForEncodings = 0;
			knownRegions = (
				en,
				Base,
			);
			mainGroup = A20AB2BE1CBEDB24008DBB60;
			productRefGroup = A20AB2C81CBEDB24008DBB60 /* Products */;
			projectDirPath = "";
			projectRoot = "";
			targets = (
				A20AB2C61CBEDB24008DBB60 /* AdvancedGraphicsProject */,
				A20AB2DC1CBEDB24008DBB60 /* AdvancedGraphicsProjectTests */,
				A20AB2E71CBEDB25008DBB60 /* AdvancedGraphicsProjectUITests */,
			);
		};
/* End PBXProject section */

/* Begin PBXResourcesBuildPhase section */
		A20AB2C51CBEDB24008DBB60 /* Resources */ = {
			isa = PBXResourcesBuildPhase;
			buildActionMask = 2147483647;
			files = (
				40021AE41CD02FFF00E4BCE7 /* cloudtop_bk.png in Resources */,
				40021AE81CD02FFF00E4BCE7 /* cloudtop_rt.png in Resources */,
				A20AB2D71CBEDB24008DBB60 /* LaunchScreen.storyboard in Resources */,
				40021AE71CD02FFF00E4BCE7 /* cloudtop_lf.png in Resources */,
				A20AB2D41CBEDB24008DBB60 /* Assets.xcassets in Resources */,
				40021AE91CD02FFF00E4BCE7 /* cloudtop_up.png in Resources */,
				A20AB2D21CBEDB24008DBB60 /* Main.storyboard in Resources */,
				40437D7F1CC8743F00B8685F /* water.png in Resources */,
				40021AE51CD02FFF00E4BCE7 /* cloudtop_dn.png in Resources */,
				40021ADD1CD02EB400E4BCE7 /* rippled.png in Resources */,
				40021AE61CD02FFF00E4BCE7 /* cloudtop_ft.png in Resources */,
			);
			runOnlyForDeploymentPostprocessing = 0;
		};
		A20AB2DB1CBEDB24008DBB60 /* Resources */ = {
			isa = PBXResourcesBuildPhase;
			buildActionMask = 2147483647;
			files = (
			);
			runOnlyForDeploymentPostprocessing = 0;
		};
		A20AB2E61CBEDB25008DBB60 /* Resources */ = {
			isa = PBXResourcesBuildPhase;
			buildActionMask = 2147483647;
			files = (
			);
			runOnlyForDeploymentPostprocessing = 0;
		};
/* End PBXResourcesBuildPhase section */

/* Begin PBXSourcesBuildPhase section */
		A20AB2C31CBEDB24008DBB60 /* Sources */ = {
			isa = PBXSourcesBuildPhase;
			buildActionMask = 2147483647;
			files = (
				40437D931CC8AB1900B8685F /* TextureLoader.swift in Sources */,
				40437D971CC8BDBE00B8685F /* Math.swift in Sources */,
				40437D991CC8D1E900B8685F /* Shaders.metal in Sources */,
				40437D891CC882CD00B8685F /* MetalView.swift in Sources */,
				40437D8F1CC8987A00B8685F /* TerrainMesh.swift in Sources */,
				40437D851CC8759500B8685F /* Renderer.swift in Sources */,
				A2C5505B1CCFE3DB004ED624 /* SkyboxMesh.swift in Sources */,
				40437D951CC8B76400B8685F /* Material.swift in Sources */,
				40437D8D1CC897DE00B8685F /* Mesh.swift in Sources */,
				40437D871CC8763500B8685F /* ShaderTypes.swift in Sources */,
				A20AB2CB1CBEDB24008DBB60 /* AppDelegate.swift in Sources */,
				40437D911CC8988900B8685F /* WaterMesh.swift in Sources */,
				40437D8B1CC8947700B8685F /* MetalViewController.swift in Sources */,
			);
			runOnlyForDeploymentPostprocessing = 0;
		};
		A20AB2D91CBEDB24008DBB60 /* Sources */ = {
			isa = PBXSourcesBuildPhase;
			buildActionMask = 2147483647;
			files = (
				A20AB2E21CBEDB25008DBB60 /* AdvancedGraphicsProjectTests.swift in Sources */,
			);
			runOnlyForDeploymentPostprocessing = 0;
		};
		A20AB2E41CBEDB25008DBB60 /* Sources */ = {
			isa = PBXSourcesBuildPhase;
			buildActionMask = 2147483647;
			files = (
				A20AB2ED1CBEDB25008DBB60 /* AdvancedGraphicsProjectUITests.swift in Sources */,
			);
			runOnlyForDeploymentPostprocessing = 0;
		};
/* End PBXSourcesBuildPhase section */

/* Begin PBXTargetDependency section */
		A20AB2DF1CBEDB24008DBB60 /* PBXTargetDependency */ = {
			isa = PBXTargetDependency;
			target = A20AB2C61CBEDB24008DBB60 /* AdvancedGraphicsProject */;
			targetProxy = A20AB2DE1CBEDB24008DBB60 /* PBXContainerItemProxy */;
		};
		A20AB2EA1CBEDB25008DBB60 /* PBXTargetDependency */ = {
			isa = PBXTargetDependency;
			target = A20AB2C61CBEDB24008DBB60 /* AdvancedGraphicsProject */;
			targetProxy = A20AB2E91CBEDB25008DBB60 /* PBXContainerItemProxy */;
		};
/* End PBXTargetDependency section */

/* Begin PBXVariantGroup section */
		A20AB2D01CBEDB24008DBB60 /* Main.storyboard */ = {
			isa = PBXVariantGroup;
			children = (
				A20AB2D11CBEDB24008DBB60 /* Base */,
			);
			name = Main.storyboard;
			sourceTree = "<group>";
		};
		A20AB2D51CBEDB24008DBB60 /* LaunchScreen.storyboard */ = {
			isa = PBXVariantGroup;
			children = (
				A20AB2D61CBEDB24008DBB60 /* Base */,
			);
			name = LaunchScreen.storyboard;
			sourceTree = "<group>";
		};
/* End PBXVariantGroup section */

/* Begin XCBuildConfiguration section */
		A20AB2EF1CBEDB25008DBB60 /* Debug */ = {
			isa = XCBuildConfiguration;
			buildSettings = {
				ALWAYS_SEARCH_USER_PATHS = NO;
				CLANG_ANALYZER_NONNULL = YES;
				CLANG_CXX_LANGUAGE_STANDARD = "gnu++0x";
				CLANG_CXX_LIBRARY = "libc++";
				CLANG_ENABLE_MODULES = YES;
				CLANG_ENABLE_OBJC_ARC = YES;
				CLANG_WARN_BOOL_CONVERSION = YES;
				CLANG_WARN_CONSTANT_CONVERSION = YES;
				CLANG_WARN_DIRECT_OBJC_ISA_USAGE = YES_ERROR;
				CLANG_WARN_EMPTY_BODY = YES;
				CLANG_WARN_ENUM_CONVERSION = YES;
				CLANG_WARN_INT_CONVERSION = YES;
				CLANG_WARN_OBJC_ROOT_CLASS = YES_ERROR;
				CLANG_WARN_UNREACHABLE_CODE = YES;
				CLANG_WARN__DUPLICATE_METHOD_MATCH = YES;
				"CODE_SIGN_IDENTITY[sdk=iphoneos*]" = "iPhone Developer";
				COPY_PHASE_STRIP = NO;
				DEBUG_INFORMATION_FORMAT = "dwarf-with-dsym";
				ENABLE_STRICT_OBJC_MSGSEND = YES;
				ENABLE_TESTABILITY = YES;
				GCC_C_LANGUAGE_STANDARD = gnu99;
				GCC_DYNAMIC_NO_PIC = NO;
				GCC_NO_COMMON_BLOCKS = YES;
				GCC_OPTIMIZATION_LEVEL = 0;
				GCC_PREPROCESSOR_DEFINITIONS = (
					"DEBUG=1",
					"$(inherited)",
				);
				GCC_WARN_64_TO_32_BIT_CONVERSION = YES;
				GCC_WARN_ABOUT_RETURN_TYPE = YES_ERROR;
				GCC_WARN_UNDECLARED_SELECTOR = YES;
				GCC_WARN_UNINITIALIZED_AUTOS = YES_AGGRESSIVE;
				GCC_WARN_UNUSED_FUNCTION = YES;
				GCC_WARN_UNUSED_VARIABLE = YES;
				IPHONEOS_DEPLOYMENT_TARGET = 9.3;
				MTL_ENABLE_DEBUG_INFO = YES;
				ONLY_ACTIVE_ARCH = YES;
				SDKROOT = iphoneos;
				SWIFT_OPTIMIZATION_LEVEL = "-Onone";
				TARGETED_DEVICE_FAMILY = "1,2";
			};
			name = Debug;
		};
		A20AB2F01CBEDB25008DBB60 /* Release */ = {
			isa = XCBuildConfiguration;
			buildSettings = {
				ALWAYS_SEARCH_USER_PATHS = NO;
				CLANG_ANALYZER_NONNULL = YES;
				CLANG_CXX_LANGUAGE_STANDARD = "gnu++0x";
				CLANG_CXX_LIBRARY = "libc++";
				CLANG_ENABLE_MODULES = YES;
				CLANG_ENABLE_OBJC_ARC = YES;
				CLANG_WARN_BOOL_CONVERSION = YES;
				CLANG_WARN_CONSTANT_CONVERSION = YES;
				CLANG_WARN_DIRECT_OBJC_ISA_USAGE = YES_ERROR;
				CLANG_WARN_EMPTY_BODY = YES;
				CLANG_WARN_ENUM_CONVERSION = YES;
				CLANG_WARN_INT_CONVERSION = YES;
				CLANG_WARN_OBJC_ROOT_CLASS = YES_ERROR;
				CLANG_WARN_UNREACHABLE_CODE = YES;
				CLANG_WARN__DUPLICATE_METHOD_MATCH = YES;
				"CODE_SIGN_IDENTITY[sdk=iphoneos*]" = "iPhone Developer";
				COPY_PHASE_STRIP = NO;
				DEBUG_INFORMATION_FORMAT = "dwarf-with-dsym";
				ENABLE_NS_ASSERTIONS = NO;
				ENABLE_STRICT_OBJC_MSGSEND = YES;
				GCC_C_LANGUAGE_STANDARD = gnu99;
				GCC_NO_COMMON_BLOCKS = YES;
				GCC_WARN_64_TO_32_BIT_CONVERSION = YES;
				GCC_WARN_ABOUT_RETURN_TYPE = YES_ERROR;
				GCC_WARN_UNDECLARED_SELECTOR = YES;
				GCC_WARN_UNINITIALIZED_AUTOS = YES_AGGRESSIVE;
				GCC_WARN_UNUSED_FUNCTION = YES;
				GCC_WARN_UNUSED_VARIABLE = YES;
				IPHONEOS_DEPLOYMENT_TARGET = 9.3;
				MTL_ENABLE_DEBUG_INFO = NO;
				SDKROOT = iphoneos;
				TARGETED_DEVICE_FAMILY = "1,2";
				VALIDATE_PRODUCT = YES;
			};
			name = Release;
		};
		A20AB2F21CBEDB25008DBB60 /* Debug */ = {
			isa = XCBuildConfiguration;
			buildSettings = {
				ASSETCATALOG_COMPILER_APPICON_NAME = AppIcon;
				CODE_SIGN_IDENTITY = "iPhone Developer";
				"CODE_SIGN_IDENTITY[sdk=iphoneos*]" = "iPhone Developer";
				EMBEDDED_CONTENT_CONTAINS_SWIFT = YES;
				INFOPLIST_FILE = AdvancedGraphicsProject/Info.plist;
				LD_RUNPATH_SEARCH_PATHS = "$(inherited) @executable_path/Frameworks";
				PRODUCT_BUNDLE_IDENTIFIER = com.carnivalinparadise.AdvancedGraphicsProject;
				PRODUCT_NAME = "$(TARGET_NAME)";
				PROVISIONING_PROFILE = "";
			};
			name = Debug;
		};
		A20AB2F31CBEDB25008DBB60 /* Release */ = {
			isa = XCBuildConfiguration;
			buildSettings = {
				ASSETCATALOG_COMPILER_APPICON_NAME = AppIcon;
				CODE_SIGN_IDENTITY = "iPhone Developer";
				"CODE_SIGN_IDENTITY[sdk=iphoneos*]" = "iPhone Developer";
				EMBEDDED_CONTENT_CONTAINS_SWIFT = YES;
				INFOPLIST_FILE = AdvancedGraphicsProject/Info.plist;
				LD_RUNPATH_SEARCH_PATHS = "$(inherited) @executable_path/Frameworks";
				PRODUCT_BUNDLE_IDENTIFIER = com.carnivalinparadise.AdvancedGraphicsProject;
				PRODUCT_NAME = "$(TARGET_NAME)";
				PROVISIONING_PROFILE = "";
			};
			name = Release;
		};
		A20AB2F51CBEDB25008DBB60 /* Debug */ = {
			isa = XCBuildConfiguration;
			buildSettings = {
				BUNDLE_LOADER = "$(TEST_HOST)";
				DEBUG_INFORMATION_FORMAT = dwarf;
				INFOPLIST_FILE = AdvancedGraphicsProjectTests/Info.plist;
				LD_RUNPATH_SEARCH_PATHS = "$(inherited) @executable_path/Frameworks @loader_path/Frameworks";
				PRODUCT_BUNDLE_IDENTIFIER = com.carnivalinparadise.AdvancedGraphicsProjectTests;
				PRODUCT_NAME = "$(TARGET_NAME)";
				TEST_HOST = "$(BUILT_PRODUCTS_DIR)/AdvancedGraphicsProject.app/AdvancedGraphicsProject";
			};
			name = Debug;
		};
		A20AB2F61CBEDB25008DBB60 /* Release */ = {
			isa = XCBuildConfiguration;
			buildSettings = {
				BUNDLE_LOADER = "$(TEST_HOST)";
				INFOPLIST_FILE = AdvancedGraphicsProjectTests/Info.plist;
				LD_RUNPATH_SEARCH_PATHS = "$(inherited) @executable_path/Frameworks @loader_path/Frameworks";
				PRODUCT_BUNDLE_IDENTIFIER = com.carnivalinparadise.AdvancedGraphicsProjectTests;
				PRODUCT_NAME = "$(TARGET_NAME)";
				TEST_HOST = "$(BUILT_PRODUCTS_DIR)/AdvancedGraphicsProject.app/AdvancedGraphicsProject";
			};
			name = Release;
		};
		A20AB2F81CBEDB25008DBB60 /* Debug */ = {
			isa = XCBuildConfiguration;
			buildSettings = {
				DEBUG_INFORMATION_FORMAT = dwarf;
				INFOPLIST_FILE = AdvancedGraphicsProjectUITests/Info.plist;
				LD_RUNPATH_SEARCH_PATHS = "$(inherited) @executable_path/Frameworks @loader_path/Frameworks";
				PRODUCT_BUNDLE_IDENTIFIER = com.carnivalinparadise.AdvancedGraphicsProjectUITests;
				PRODUCT_NAME = "$(TARGET_NAME)";
				TEST_TARGET_NAME = AdvancedGraphicsProject;
			};
			name = Debug;
		};
		A20AB2F91CBEDB25008DBB60 /* Release */ = {
			isa = XCBuildConfiguration;
			buildSettings = {
				INFOPLIST_FILE = AdvancedGraphicsProjectUITests/Info.plist;
				LD_RUNPATH_SEARCH_PATHS = "$(inherited) @executable_path/Frameworks @loader_path/Frameworks";
				PRODUCT_BUNDLE_IDENTIFIER = com.carnivalinparadise.AdvancedGraphicsProjectUITests;
				PRODUCT_NAME = "$(TARGET_NAME)";
				TEST_TARGET_NAME = AdvancedGraphicsProject;
			};
			name = Release;
		};
/* End XCBuildConfiguration section */

/* Begin XCConfigurationList section */
		A20AB2C21CBEDB24008DBB60 /* Build configuration list for PBXProject "AdvancedGraphicsProject" */ = {
			isa = XCConfigurationList;
			buildConfigurations = (
				A20AB2EF1CBEDB25008DBB60 /* Debug */,
				A20AB2F01CBEDB25008DBB60 /* Release */,
			);
			defaultConfigurationIsVisible = 0;
			defaultConfigurationName = Release;
		};
		A20AB2F11CBEDB25008DBB60 /* Build configuration list for PBXNativeTarget "AdvancedGraphicsProject" */ = {
			isa = XCConfigurationList;
			buildConfigurations = (
				A20AB2F21CBEDB25008DBB60 /* Debug */,
				A20AB2F31CBEDB25008DBB60 /* Release */,
			);
			defaultConfigurationIsVisible = 0;
			defaultConfigurationName = Release;
		};
		A20AB2F41CBEDB25008DBB60 /* Build configuration list for PBXNativeTarget "AdvancedGraphicsProjectTests" */ = {
			isa = XCConfigurationList;
			buildConfigurations = (
				A20AB2F51CBEDB25008DBB60 /* Debug */,
				A20AB2F61CBEDB25008DBB60 /* Release */,
			);
			defaultConfigurationIsVisible = 0;
			defaultConfigurationName = Release;
		};
		A20AB2F71CBEDB25008DBB60 /* Build configuration list for PBXNativeTarget "AdvancedGraphicsProjectUITests" */ = {
			isa = XCConfigurationList;
			buildConfigurations = (
				A20AB2F81CBEDB25008DBB60 /* Debug */,
				A20AB2F91CBEDB25008DBB60 /* Release */,
			);
			defaultConfigurationIsVisible = 0;
			defaultConfigurationName = Release;
		};
/* End XCConfigurationList section */
	};
	rootObject = A20AB2BF1CBEDB24008DBB60 /* Project object */;
}
